
Microsoft Visual Studio Solution File, Format Version 12.00
# Visual Studio Version 17
VisualStudioVersion = 17.11.35431.28
MinimumVisualStudioVersion = 10.0.40219.1
Project("{9A19103F-16F7-4668-BE54-9A1E7A4F7556}") = "NewMark.Azure.Blob.Storage", "NewMark.Azure.Blob.Storage\NewMark.Azure.Blob.Storage.csproj", "{CCD2F133-4946-409F-9D99-32921A302BB4}"
EndProject
Project("{9A19103F-16F7-4668-BE54-9A1E7A4F7556}") = "NewMark.Property.Api", "NewMark.Property.Api\NewMark.Property.Api.csproj", "{CF2D418D-83A2-42D0-94AA-C6456E48C149}"
EndProject
Project("{9A19103F-16F7-4668-BE54-9A1E7A4F7556}") = "NewMark.PropertyManagement.Models", "NewMark.PropertyManagement.Models\NewMark.PropertyManagement.Models.csproj", "{01139993-6F66-440D-994F-009A12BA41DD}"
EndProject
Global
	GlobalSection(SolutionConfigurationPlatforms) = preSolution
		Debug|Any CPU = Debug|Any CPU
		Release|Any CPU = Release|Any CPU
	EndGlobalSection
	GlobalSection(ProjectConfigurationPlatforms) = postSolution
		{CCD2F133-4946-409F-9D99-32921A302BB4}.Debug|Any CPU.ActiveCfg = Debug|Any CPU
		{CCD2F133-4946-409F-9D99-32921A302BB4}.Debug|Any CPU.Build.0 = Debug|Any CPU
		{CCD2F133-4946-409F-9D99-32921A302BB4}.Release|Any CPU.ActiveCfg = Release|Any CPU
		{CCD2F133-4946-409F-9D99-32921A302BB4}.Release|Any CPU.Build.0 = Release|Any CPU
		{CF2D418D-83A2-42D0-94AA-C6456E48C149}.Debug|Any CPU.ActiveCfg = Debug|Any CPU
		{CF2D418D-83A2-42D0-94AA-C6456E48C149}.Debug|Any CPU.Build.0 = Debug|Any CPU
		{CF2D418D-83A2-42D0-94AA-C6456E48C149}.Release|Any CPU.ActiveCfg = Release|Any CPU
		{CF2D418D-83A2-42D0-94AA-C6456E48C149}.Release|Any CPU.Build.0 = Release|Any CPU
		{01139993-6F66-440D-994F-009A12BA41DD}.Debug|Any CPU.ActiveCfg = Debug|Any CPU
		{01139993-6F66-440D-994F-009A12BA41DD}.Debug|Any CPU.Build.0 = Debug|Any CPU
		{01139993-6F66-440D-994F-009A12BA41DD}.Release|Any CPU.ActiveCfg = Release|Any CPU
		{01139993-6F66-440D-994F-009A12BA41DD}.Release|Any CPU.Build.0 = Release|Any CPU
	EndGlobalSection
	GlobalSection(SolutionProperties) = preSolution
		HideSolutionNode = FALSE
	EndGlobalSection
	GlobalSection(ExtensibilityGlobals) = postSolution
		SolutionGuid = {FC362FA0-7F34-4C07-99BD-A589BD15B963}
	EndGlobalSection
EndGlobal
